
Microsoft Visual Studio Solution File, Format Version 12.00
# Visual Studio 2015
Project("{FAE04EC0-301F-11D3-BF4B-00C04F79EFBC}") = "Practice and Fun.CSharp", "Practice and Fun.CSharp.csproj", "{C077BC36-FA45-934B-E313-2EA1D73A1004}"
EndProject
Global
	GlobalSection(SolutionConfigurationPlatforms) = preSolution
		Debug|Any CPU = Debug|Any CPU
		Release|Any CPU = Release|Any CPU
	EndGlobalSection
	GlobalSection(ProjectConfigurationPlatforms) = postSolution
		{C077BC36-FA45-934B-E313-2EA1D73A1004}.Debug|Any CPU.ActiveCfg = Debug|Any CPU
		{C077BC36-FA45-934B-E313-2EA1D73A1004}.Debug|Any CPU.Build.0 = Debug|Any CPU
		{C077BC36-FA45-934B-E313-2EA1D73A1004}.Release|Any CPU.ActiveCfg = Release|Any CPU
		{C077BC36-FA45-934B-E313-2EA1D73A1004}.Release|Any CPU.Build.0 = Release|Any CPU
	EndGlobalSection
	GlobalSection(SolutionProperties) = preSolution
		HideSolutionNode = FALSE
	EndGlobalSection
EndGlobal
